
Microsoft Visual Studio Solution File, Format Version 12.00
Project("{FAE04EC0-301F-11D3-BF4B-00C04F79EFBC}") = "ITask3_Cs", "ITask3_Cs\ITask3_Cs.csproj", "{099CDF59-25B3-4180-8427-E813022A9C10}"
EndProject
Global
	GlobalSection(SolutionConfigurationPlatforms) = preSolution
		Debug|Any CPU = Debug|Any CPU
		Release|Any CPU = Release|Any CPU
	EndGlobalSection
	GlobalSection(ProjectConfigurationPlatforms) = postSolution
		{099CDF59-25B3-4180-8427-E813022A9C10}.Debug|Any CPU.ActiveCfg = Debug|Any CPU
		{099CDF59-25B3-4180-8427-E813022A9C10}.Debug|Any CPU.Build.0 = Debug|Any CPU
		{099CDF59-25B3-4180-8427-E813022A9C10}.Release|Any CPU.ActiveCfg = Release|Any CPU
		{099CDF59-25B3-4180-8427-E813022A9C10}.Release|Any CPU.Build.0 = Release|Any CPU
	EndGlobalSection
EndGlobal
